<?xml version="1.0" encoding="utf-8"?>
<Project ToolsVersion="4.0" xmlns="http://schemas.microsoft.com/developer/msbuild/2003">
  <ItemGroup>
    <Filter Include="Resource Files">
      <UniqueIdentifier>{fbd036e0-0f0e-415c-b136-e5c420df1ba1}</UniqueIdentifier>
      <Extensions>rc;ico;cur;bmp;dlg;rc2;rct;bin;rgs;gif;jpg;jpeg;jpe</Extensions>
    </Filter>
    <Filter Include="DXUT">
      <UniqueIdentifier>{08068ed4-5331-431e-a615-8f5763e0bf19}</UniqueIdentifier>
    </Filter>
    <Filter Include="Models">
      <UniqueIdentifier>{87062b66-1c69-47ae-8879-b18e3c670291}</UniqueIdentifier>
    </Filter>
    <Filter Include="Header">
      <UniqueIdentifier>{cffa162c-32a3-4c07-8712-b9339567a75d}</UniqueIdentifier>
    </Filter>
    <Filter Include="Source">
      <UniqueIdentifier>{a2573f3e-791b-4f22-99a1-95ed407e7800}</UniqueIdentifier>
    </Filter>
    <Filter Include="Source\tinyXML">
      <UniqueIdentifier>{3fc2fd0e-4774-49da-8e57-a744b677821e}</UniqueIdentifier>
    </Filter>
    <Filter Include="Header\tinyXML">
      <UniqueIdentifier>{49597b8f-02c7-44a9-bd41-fb67b8ec9a2e}</UniqueIdentifier>
    </Filter>
  </ItemGroup>
  <ItemGroup>
    <None Include="DXUT\Optional\directx.ico">
      <Filter>Resource Files</Filter>
    </None>
    <None Include="Effects\Particle.fx">
      <Filter>Models</Filter>
    </None>
    <None Include="Effects\PointRocket.fx">
      <Filter>Models</Filter>
    </None>
  </ItemGroup>
  <ItemGroup>
    <ResourceCompile Include="EmptyProject.rc">
      <Filter>Resource Files</Filter>
    </ResourceCompile>
  </ItemGroup>
  <ItemGroup>
    <ClInclude Include="resource.h">
      <Filter>Resource Files</Filter>
    </ClInclude>
    <ClInclude Include="DXUT\Core\DXUT.h">
      <Filter>DXUT</Filter>
    </ClInclude>
    <ClInclude Include="DXUT\Core\DXUTenum.h">
      <Filter>DXUT</Filter>
    </ClInclude>
    <ClInclude Include="DXUT\Core\DXUTmisc.h">
      <Filter>DXUT</Filter>
    </ClInclude>
    <ClInclude Include="CameraManager.h">
      <Filter>Header</Filter>
    </ClInclude>
    <ClInclude Include="CollisionManager.h">
      <Filter>Header</Filter>
    </ClInclude>
    <ClInclude Include="Custom_Math.h">
      <Filter>Header</Filter>
    </ClInclude>
    <ClInclude Include="CustomModel.h">
      <Filter>Header</Filter>
    </ClInclude>
    <ClInclude Include="FontManager.h">
      <Filter>Header</Filter>
    </ClInclude>
    <ClInclude Include="InputManager.h">
      <Filter>Header</Filter>
    </ClInclude>
    <ClInclude Include="Director.h">
      <Filter>Header</Filter>
    </ClInclude>
    <ClInclude Include="tinyxml\tinyxml.h">
      <Filter>Header\tinyXML</Filter>
    </ClInclude>
    <ClInclude Include="tinyxml\tinystr.h">
      <Filter>Header\tinyXML</Filter>
    </ClInclude>
    <ClInclude Include="Fountain.h">
      <Filter>Header</Filter>
    </ClInclude>
    <ClInclude Include="Rocket.h">
      <Filter>Header</Filter>
    </ClInclude>
    <ClInclude Include="Particle.h">
      <Filter>Header</Filter>
    </ClInclude>
    <ClInclude Include="ParticleSystem.h">
      <Filter>Header</Filter>
    </ClInclude>
    <ClInclude Include="d3dUtils.h">
      <Filter>Header</Filter>
    </ClInclude>
    <ClInclude Include="d3dStructures.h">
      <Filter>Header</Filter>
    </ClInclude>
    <ClInclude Include="Explosion.h">
      <Filter>Header</Filter>
    </ClInclude>
  </ItemGroup>
  <ItemGroup>
    <ClCompile Include="DXUT\Core\DXUT.cpp">
      <Filter>DXUT</Filter>
    </ClCompile>
    <ClCompile Include="DXUT\Core\DXUTenum.cpp">
      <Filter>DXUT</Filter>
    </ClCompile>
    <ClCompile Include="DXUT\Core\DXUTmisc.cpp">
      <Filter>DXUT</Filter>
    </ClCompile>
    <ClCompile Include="CameraManager.cpp">
      <Filter>Source</Filter>
    </ClCompile>
    <ClCompile Include="CollisionManager.cpp">
      <Filter>Source</Filter>
    </ClCompile>
    <ClCompile Include="Custom_Math.cpp">
      <Filter>Source</Filter>
    </ClCompile>
    <ClCompile Include="CustomModel.cpp">
      <Filter>Source</Filter>
    </ClCompile>
    <ClCompile Include="FontManager.cpp">
      <Filter>Source</Filter>
    </ClCompile>
    <ClCompile Include="InputManager.cpp">
      <Filter>Source</Filter>
    </ClCompile>
    <ClCompile Include="Main.cpp">
      <Filter>Source</Filter>
    </ClCompile>
    <ClCompile Include="Director.cpp">
      <Filter>Source</Filter>
    </ClCompile>
    <ClCompile Include="tinyxml\tinyxml.cpp">
      <Filter>Source\tinyXML</Filter>
    </ClCompile>
    <ClCompile Include="tinyxml\tinystr.cpp">
      <Filter>Source\tinyXML</Filter>
    </ClCompile>
    <ClCompile Include="tinyxml\tinyxmlerror.cpp">
      <Filter>Source\tinyXML</Filter>
    </ClCompile>
    <ClCompile Include="tinyxml\tinyxmlparser.cpp">
      <Filter>Source\tinyXML</Filter>
    </ClCompile>
    <ClCompile Include="Rocket.cpp">
      <Filter>Source</Filter>
    </ClCompile>
    <ClCompile Include="Fountain.cpp">
      <Filter>Source</Filter>
    </ClCompile>
    <ClCompile Include="Particle.cpp">
      <Filter>Source</Filter>
    </ClCompile>
    <ClCompile Include="ParticleSystem.cpp">
      <Filter>Source</Filter>
    </ClCompile>
    <ClCompile Include="d3dUtils.cpp">
      <Filter>Source</Filter>
    </ClCompile>
    <ClCompile Include="d3dStructures.cpp">
      <Filter>Source</Filter>
    </ClCompile>
    <ClCompile Include="Explosion.cpp">
      <Filter>Source</Filter>
    </ClCompile>
  </ItemGroup>
</Project>